
Microsoft Visual Studio Solution File, Format Version 12.00
# Visual Studio 15
VisualStudioVersion = 15.0.28307.645
MinimumVisualStudioVersion = 10.0.40219.1
Project("{8BC9CEB8-8B4A-11D0-8D11-00A0C91BC942}") = "imgBuffer", "imgBuffer\imgBuffer.vcxproj", "{4F91207C-2BDB-44ED-AB96-F8CC38568B49}"
EndProject
Global
	GlobalSection(SolutionConfigurationPlatforms) = preSolution
		Debug|x64 = Debug|x64
		Debug|x86 = Debug|x86
		Release|x64 = Release|x64
		Release|x86 = Release|x86
	EndGlobalSection
	GlobalSection(ProjectConfigurationPlatforms) = postSolution
		{4F91207C-2BDB-44ED-AB96-F8CC38568B49}.Debug|x64.ActiveCfg = Debug|x64
		{4F91207C-2BDB-44ED-AB96-F8CC38568B49}.Debug|x64.Build.0 = Debug|x64
		{4F91207C-2BDB-44ED-AB96-F8CC38568B49}.Debug|x86.ActiveCfg = Debug|Win32
		{4F91207C-2BDB-44ED-AB96-F8CC38568B49}.Debug|x86.Build.0 = Debug|Win32
		{4F91207C-2BDB-44ED-AB96-F8CC38568B49}.Release|x64.ActiveCfg = Release|x64
		{4F91207C-2BDB-44ED-AB96-F8CC38568B49}.Release|x64.Build.0 = Release|x64
		{4F91207C-2BDB-44ED-AB96-F8CC38568B49}.Release|x86.ActiveCfg = Release|Win32
		{4F91207C-2BDB-44ED-AB96-F8CC38568B49}.Release|x86.Build.0 = Release|Win32
	EndGlobalSection
	GlobalSection(SolutionProperties) = preSolution
		HideSolutionNode = FALSE
	EndGlobalSection
	GlobalSection(ExtensibilityGlobals) = postSolution
		SolutionGuid = {52ED4537-2FBA-45A1-9522-998AA8B3B46A}
	EndGlobalSection
EndGlobal
